
Microsoft Visual Studio Solution File, Format Version 12.00
# Visual Studio Version 16
VisualStudioVersion = 16.0.31729.503
MinimumVisualStudioVersion = 10.0.40219.1
Project("{FAE04EC0-301F-11D3-BF4B-00C04F79EFBC}") = "Exercicio2", "Exercicio2\Exercicio2.csproj", "{491D9F2B-3368-4E85-92D2-4E3501B33B15}"
EndProject
Global
	GlobalSection(SolutionConfigurationPlatforms) = preSolution
		Debug|Any CPU = Debug|Any CPU
		Release|Any CPU = Release|Any CPU
	EndGlobalSection
	GlobalSection(ProjectConfigurationPlatforms) = postSolution
		{491D9F2B-3368-4E85-92D2-4E3501B33B15}.Debug|Any CPU.ActiveCfg = Debug|Any CPU
		{491D9F2B-3368-4E85-92D2-4E3501B33B15}.Debug|Any CPU.Build.0 = Debug|Any CPU
		{491D9F2B-3368-4E85-92D2-4E3501B33B15}.Release|Any CPU.ActiveCfg = Release|Any CPU
		{491D9F2B-3368-4E85-92D2-4E3501B33B15}.Release|Any CPU.Build.0 = Release|Any CPU
	EndGlobalSection
	GlobalSection(SolutionProperties) = preSolution
		HideSolutionNode = FALSE
	EndGlobalSection
	GlobalSection(ExtensibilityGlobals) = postSolution
		SolutionGuid = {B31A1B40-145B-4E28-85B7-426C0778C6E2}
	EndGlobalSection
EndGlobal
